
Microsoft Visual Studio Solution File, Format Version 12.00
Project("{FAE04EC0-301F-11D3-BF4B-00C04F79EFBC}") = "WebApp", "WebApp\WebApp.csproj", "{1EF7775A-C5ED-42A4-A84B-9657CD0F93B2}"
EndProject
Project("{FAE04EC0-301F-11D3-BF4B-00C04F79EFBC}") = "DAL.EF.APP", "DAL.EF.APP\DAL.EF.APP.csproj", "{719B8AA1-6936-46D6-B621-719C5119688E}"
EndProject
Project("{2150E333-8FDC-42A3-9474-1A3956D46DE8}") = "Contracts", "Contracts", "{E090642D-FCCD-4912-A258-CD221E109161}"
EndProject
Project("{FAE04EC0-301F-11D3-BF4B-00C04F79EFBC}") = "Domain.Contracts.Base", "Domain.Contracts.Base\Domain.Contracts.Base.csproj", "{2E92CBE9-FDAC-4356-8D91-A7FEDED0BB0B}"
EndProject
Project("{2150E333-8FDC-42A3-9474-1A3956D46DE8}") = "APP", "APP", "{7683A2D7-12F0-4534-8EAA-192015796404}"
EndProject
Project("{2150E333-8FDC-42A3-9474-1A3956D46DE8}") = "BASE", "BASE", "{1E02C544-17AC-4D63-AD55-34836951C694}"
EndProject
Project("{FAE04EC0-301F-11D3-BF4B-00C04F79EFBC}") = "Domain.Base", "Domain.Base\Domain.Base.csproj", "{B58261F1-BAA5-47E0-8080-13215DE05F20}"
EndProject
Project("{FAE04EC0-301F-11D3-BF4B-00C04F79EFBC}") = "Domain.App", "Domain.App\Domain.App.csproj", "{139CCDD9-E410-460D-90C5-C77891BC33F6}"
EndProject
Project("{2150E333-8FDC-42A3-9474-1A3956D46DE8}") = "Solution Items", "Solution Items", "{E7295972-AB78-4F77-8969-CDAF1C6A0B05}"
	ProjectSection(SolutionItems) = preProject
		..\docker-compose.yml = ..\docker-compose.yml
		..\README.md = ..\README.md
		..\.gitignore = ..\.gitignore
		cmd.txt = cmd.txt
	EndProjectSection
EndProject
Project("{FAE04EC0-301F-11D3-BF4B-00C04F79EFBC}") = "DAL.Contracts.Base", "DAL.Contracts.Base\DAL.Contracts.Base.csproj", "{60756232-CDD7-43E0-BFA7-9869E36AF5D7}"
EndProject
Project("{FAE04EC0-301F-11D3-BF4B-00C04F79EFBC}") = "DAL.EF.Base", "DAL.EF.Base\DAL.EF.Base.csproj", "{54B4D05E-87CC-4668-B825-9F7E2070D487}"
EndProject
Project("{2150E333-8FDC-42A3-9474-1A3956D46DE8}") = "Contracts", "Contracts", "{C7227443-2AFA-4319-B053-598812CE535F}"
EndProject
Project("{FAE04EC0-301F-11D3-BF4B-00C04F79EFBC}") = "DAL.Contracts.App", "DAL.Contracts.App\DAL.Contracts.App.csproj", "{6F0A9019-AA1E-4493-B93A-38F3E57323E0}"
EndProject
Project("{FAE04EC0-301F-11D3-BF4B-00C04F79EFBC}") = "Public.DTO", "Public.DTO\Public.DTO.csproj", "{EACEF381-3914-498E-8C6F-91E8804596A6}"
EndProject
Project("{FAE04EC0-301F-11D3-BF4B-00C04F79EFBC}") = "Helpers.Base", "Helpers.Base\Helpers.Base.csproj", "{BA63E044-FCD7-4692-A0D5-6299F9AD4A96}"
EndProject
Project("{FAE04EC0-301F-11D3-BF4B-00C04F79EFBC}") = "Contracts.Base", "Contracts.Base\Contracts.Base.csproj", "{74E9FBA5-8247-4A56-ACF9-CE62B1B3906D}"
EndProject
Project("{FAE04EC0-301F-11D3-BF4B-00C04F79EFBC}") = "DAL.Base", "DAL.Base\DAL.Base.csproj", "{2CAB3D22-F3E5-4E18-B63C-E5D585DAD1F9}"
EndProject
Project("{FAE04EC0-301F-11D3-BF4B-00C04F79EFBC}") = "DAL.DTO", "DAL.DTO\DAL.DTO.csproj", "{BB773337-1DA9-4761-8F24-7F4D541FB945}"
EndProject
Global
	GlobalSection(SolutionConfigurationPlatforms) = preSolution
		Debug|Any CPU = Debug|Any CPU
		Release|Any CPU = Release|Any CPU
	EndGlobalSection
	GlobalSection(ProjectConfigurationPlatforms) = postSolution
		{1EF7775A-C5ED-42A4-A84B-9657CD0F93B2}.Debug|Any CPU.ActiveCfg = Debug|Any CPU
		{1EF7775A-C5ED-42A4-A84B-9657CD0F93B2}.Debug|Any CPU.Build.0 = Debug|Any CPU
		{1EF7775A-C5ED-42A4-A84B-9657CD0F93B2}.Release|Any CPU.ActiveCfg = Release|Any CPU
		{1EF7775A-C5ED-42A4-A84B-9657CD0F93B2}.Release|Any CPU.Build.0 = Release|Any CPU
		{719B8AA1-6936-46D6-B621-719C5119688E}.Debug|Any CPU.ActiveCfg = Debug|Any CPU
		{719B8AA1-6936-46D6-B621-719C5119688E}.Debug|Any CPU.Build.0 = Debug|Any CPU
		{719B8AA1-6936-46D6-B621-719C5119688E}.Release|Any CPU.ActiveCfg = Release|Any CPU
		{719B8AA1-6936-46D6-B621-719C5119688E}.Release|Any CPU.Build.0 = Release|Any CPU
		{2E92CBE9-FDAC-4356-8D91-A7FEDED0BB0B}.Debug|Any CPU.ActiveCfg = Debug|Any CPU
		{2E92CBE9-FDAC-4356-8D91-A7FEDED0BB0B}.Debug|Any CPU.Build.0 = Debug|Any CPU
		{2E92CBE9-FDAC-4356-8D91-A7FEDED0BB0B}.Release|Any CPU.ActiveCfg = Release|Any CPU
		{2E92CBE9-FDAC-4356-8D91-A7FEDED0BB0B}.Release|Any CPU.Build.0 = Release|Any CPU
		{B58261F1-BAA5-47E0-8080-13215DE05F20}.Debug|Any CPU.ActiveCfg = Debug|Any CPU
		{B58261F1-BAA5-47E0-8080-13215DE05F20}.Debug|Any CPU.Build.0 = Debug|Any CPU
		{B58261F1-BAA5-47E0-8080-13215DE05F20}.Release|Any CPU.ActiveCfg = Release|Any CPU
		{B58261F1-BAA5-47E0-8080-13215DE05F20}.Release|Any CPU.Build.0 = Release|Any CPU
		{139CCDD9-E410-460D-90C5-C77891BC33F6}.Debug|Any CPU.ActiveCfg = Debug|Any CPU
		{139CCDD9-E410-460D-90C5-C77891BC33F6}.Debug|Any CPU.Build.0 = Debug|Any CPU
		{139CCDD9-E410-460D-90C5-C77891BC33F6}.Release|Any CPU.ActiveCfg = Release|Any CPU
		{139CCDD9-E410-460D-90C5-C77891BC33F6}.Release|Any CPU.Build.0 = Release|Any CPU
		{60756232-CDD7-43E0-BFA7-9869E36AF5D7}.Debug|Any CPU.ActiveCfg = Debug|Any CPU
		{60756232-CDD7-43E0-BFA7-9869E36AF5D7}.Debug|Any CPU.Build.0 = Debug|Any CPU
		{60756232-CDD7-43E0-BFA7-9869E36AF5D7}.Release|Any CPU.ActiveCfg = Release|Any CPU
		{60756232-CDD7-43E0-BFA7-9869E36AF5D7}.Release|Any CPU.Build.0 = Release|Any CPU
		{54B4D05E-87CC-4668-B825-9F7E2070D487}.Debug|Any CPU.ActiveCfg = Debug|Any CPU
		{54B4D05E-87CC-4668-B825-9F7E2070D487}.Debug|Any CPU.Build.0 = Debug|Any CPU
		{54B4D05E-87CC-4668-B825-9F7E2070D487}.Release|Any CPU.ActiveCfg = Release|Any CPU
		{54B4D05E-87CC-4668-B825-9F7E2070D487}.Release|Any CPU.Build.0 = Release|Any CPU
		{6F0A9019-AA1E-4493-B93A-38F3E57323E0}.Debug|Any CPU.ActiveCfg = Debug|Any CPU
		{6F0A9019-AA1E-4493-B93A-38F3E57323E0}.Debug|Any CPU.Build.0 = Debug|Any CPU
		{6F0A9019-AA1E-4493-B93A-38F3E57323E0}.Release|Any CPU.ActiveCfg = Release|Any CPU
		{6F0A9019-AA1E-4493-B93A-38F3E57323E0}.Release|Any CPU.Build.0 = Release|Any CPU
		{EACEF381-3914-498E-8C6F-91E8804596A6}.Debug|Any CPU.ActiveCfg = Debug|Any CPU
		{EACEF381-3914-498E-8C6F-91E8804596A6}.Debug|Any CPU.Build.0 = Debug|Any CPU
		{EACEF381-3914-498E-8C6F-91E8804596A6}.Release|Any CPU.ActiveCfg = Release|Any CPU
		{EACEF381-3914-498E-8C6F-91E8804596A6}.Release|Any CPU.Build.0 = Release|Any CPU
		{BA63E044-FCD7-4692-A0D5-6299F9AD4A96}.Debug|Any CPU.ActiveCfg = Debug|Any CPU
		{BA63E044-FCD7-4692-A0D5-6299F9AD4A96}.Debug|Any CPU.Build.0 = Debug|Any CPU
		{BA63E044-FCD7-4692-A0D5-6299F9AD4A96}.Release|Any CPU.ActiveCfg = Release|Any CPU
		{BA63E044-FCD7-4692-A0D5-6299F9AD4A96}.Release|Any CPU.Build.0 = Release|Any CPU
		{74E9FBA5-8247-4A56-ACF9-CE62B1B3906D}.Debug|Any CPU.ActiveCfg = Debug|Any CPU
		{74E9FBA5-8247-4A56-ACF9-CE62B1B3906D}.Debug|Any CPU.Build.0 = Debug|Any CPU
		{74E9FBA5-8247-4A56-ACF9-CE62B1B3906D}.Release|Any CPU.ActiveCfg = Release|Any CPU
		{74E9FBA5-8247-4A56-ACF9-CE62B1B3906D}.Release|Any CPU.Build.0 = Release|Any CPU
		{2CAB3D22-F3E5-4E18-B63C-E5D585DAD1F9}.Debug|Any CPU.ActiveCfg = Debug|Any CPU
		{2CAB3D22-F3E5-4E18-B63C-E5D585DAD1F9}.Debug|Any CPU.Build.0 = Debug|Any CPU
		{2CAB3D22-F3E5-4E18-B63C-E5D585DAD1F9}.Release|Any CPU.ActiveCfg = Release|Any CPU
		{2CAB3D22-F3E5-4E18-B63C-E5D585DAD1F9}.Release|Any CPU.Build.0 = Release|Any CPU
		{BB773337-1DA9-4761-8F24-7F4D541FB945}.Debug|Any CPU.ActiveCfg = Debug|Any CPU
		{BB773337-1DA9-4761-8F24-7F4D541FB945}.Debug|Any CPU.Build.0 = Debug|Any CPU
		{BB773337-1DA9-4761-8F24-7F4D541FB945}.Release|Any CPU.ActiveCfg = Release|Any CPU
		{BB773337-1DA9-4761-8F24-7F4D541FB945}.Release|Any CPU.Build.0 = Release|Any CPU
	EndGlobalSection
	GlobalSection(NestedProjects) = preSolution
		{2E92CBE9-FDAC-4356-8D91-A7FEDED0BB0B} = {E090642D-FCCD-4912-A258-CD221E109161}
		{1EF7775A-C5ED-42A4-A84B-9657CD0F93B2} = {7683A2D7-12F0-4534-8EAA-192015796404}
		{E090642D-FCCD-4912-A258-CD221E109161} = {1E02C544-17AC-4D63-AD55-34836951C694}
		{B58261F1-BAA5-47E0-8080-13215DE05F20} = {1E02C544-17AC-4D63-AD55-34836951C694}
		{139CCDD9-E410-460D-90C5-C77891BC33F6} = {7683A2D7-12F0-4534-8EAA-192015796404}
		{719B8AA1-6936-46D6-B621-719C5119688E} = {7683A2D7-12F0-4534-8EAA-192015796404}
		{60756232-CDD7-43E0-BFA7-9869E36AF5D7} = {E090642D-FCCD-4912-A258-CD221E109161}
		{54B4D05E-87CC-4668-B825-9F7E2070D487} = {1E02C544-17AC-4D63-AD55-34836951C694}
		{C7227443-2AFA-4319-B053-598812CE535F} = {7683A2D7-12F0-4534-8EAA-192015796404}
		{6F0A9019-AA1E-4493-B93A-38F3E57323E0} = {C7227443-2AFA-4319-B053-598812CE535F}
		{EACEF381-3914-498E-8C6F-91E8804596A6} = {7683A2D7-12F0-4534-8EAA-192015796404}
		{BA63E044-FCD7-4692-A0D5-6299F9AD4A96} = {1E02C544-17AC-4D63-AD55-34836951C694}
		{74E9FBA5-8247-4A56-ACF9-CE62B1B3906D} = {E090642D-FCCD-4912-A258-CD221E109161}
		{2CAB3D22-F3E5-4E18-B63C-E5D585DAD1F9} = {1E02C544-17AC-4D63-AD55-34836951C694}
		{BB773337-1DA9-4761-8F24-7F4D541FB945} = {7683A2D7-12F0-4534-8EAA-192015796404}
	EndGlobalSection
EndGlobal
